{
  "name": "vuetest",
  "version": "1.0.0",
  "lockfileVersion": 1,
  "requires": true,
  "dependencies": {
    "highcharts": {
      "version": "6.1.1",
      "resolved": "http://registry.npm.360es.cn/highcharts/download/highcharts-6.1.1.tgz",
      "integrity": "sha1-Sdw09eljdE7Nfrh2A7bNr4MEwTo="
    },
    "vuex": {
      "version": "3.0.1",
      "resolved": "http://registry.npm.360es.cn/vuex/download/vuex-3.0.1.tgz",
      "integrity": "sha1-52E1Lr4K9TfUu3Vam53Evj3379I="
    }
  }
}
